
Microsoft Visual Studio Solution File, Format Version 12.00
# Visual Studio Version 17
VisualStudioVersion = 17.0.31903.59
MinimumVisualStudioVersion = 10.0.40219.1
Project("{FAE04EC0-301F-11D3-BF4B-00C04F79EFBC}") = "Domain", "Domain\Domain.csproj", "{A76504DC-3A53-49A4-9043-E400E85EBB67}"
EndProject
Project("{FAE04EC0-301F-11D3-BF4B-00C04F79EFBC}") = "Repository", "Repository\Repository.csproj", "{53287DC6-72B7-4798-9637-86D0C1B0B313}"
EndProject
Project("{FAE04EC0-301F-11D3-BF4B-00C04F79EFBC}") = "Api", "Api\Api.csproj", "{100D812E-B84F-40F4-8CC9-A9E4CD71349E}"
EndProject
Global
	GlobalSection(SolutionConfigurationPlatforms) = preSolution
		Debug|Any CPU = Debug|Any CPU
		Debug|x64 = Debug|x64
		Debug|x86 = Debug|x86
		Release|Any CPU = Release|Any CPU
		Release|x64 = Release|x64
		Release|x86 = Release|x86
	EndGlobalSection
	GlobalSection(ProjectConfigurationPlatforms) = postSolution
		{A76504DC-3A53-49A4-9043-E400E85EBB67}.Debug|Any CPU.ActiveCfg = Debug|Any CPU
		{A76504DC-3A53-49A4-9043-E400E85EBB67}.Debug|Any CPU.Build.0 = Debug|Any CPU
		{A76504DC-3A53-49A4-9043-E400E85EBB67}.Debug|x64.ActiveCfg = Debug|Any CPU
		{A76504DC-3A53-49A4-9043-E400E85EBB67}.Debug|x64.Build.0 = Debug|Any CPU
		{A76504DC-3A53-49A4-9043-E400E85EBB67}.Debug|x86.ActiveCfg = Debug|Any CPU
		{A76504DC-3A53-49A4-9043-E400E85EBB67}.Debug|x86.Build.0 = Debug|Any CPU
		{A76504DC-3A53-49A4-9043-E400E85EBB67}.Release|Any CPU.ActiveCfg = Release|Any CPU
		{A76504DC-3A53-49A4-9043-E400E85EBB67}.Release|Any CPU.Build.0 = Release|Any CPU
		{A76504DC-3A53-49A4-9043-E400E85EBB67}.Release|x64.ActiveCfg = Release|Any CPU
		{A76504DC-3A53-49A4-9043-E400E85EBB67}.Release|x64.Build.0 = Release|Any CPU
		{A76504DC-3A53-49A4-9043-E400E85EBB67}.Release|x86.ActiveCfg = Release|Any CPU
		{A76504DC-3A53-49A4-9043-E400E85EBB67}.Release|x86.Build.0 = Release|Any CPU
		{53287DC6-72B7-4798-9637-86D0C1B0B313}.Debug|Any CPU.ActiveCfg = Debug|Any CPU
		{53287DC6-72B7-4798-9637-86D0C1B0B313}.Debug|Any CPU.Build.0 = Debug|Any CPU
		{53287DC6-72B7-4798-9637-86D0C1B0B313}.Debug|x64.ActiveCfg = Debug|Any CPU
		{53287DC6-72B7-4798-9637-86D0C1B0B313}.Debug|x64.Build.0 = Debug|Any CPU
		{53287DC6-72B7-4798-9637-86D0C1B0B313}.Debug|x86.ActiveCfg = Debug|Any CPU
		{53287DC6-72B7-4798-9637-86D0C1B0B313}.Debug|x86.Build.0 = Debug|Any CPU
		{53287DC6-72B7-4798-9637-86D0C1B0B313}.Release|Any CPU.ActiveCfg = Release|Any CPU
		{53287DC6-72B7-4798-9637-86D0C1B0B313}.Release|Any CPU.Build.0 = Release|Any CPU
		{53287DC6-72B7-4798-9637-86D0C1B0B313}.Release|x64.ActiveCfg = Release|Any CPU
		{53287DC6-72B7-4798-9637-86D0C1B0B313}.Release|x64.Build.0 = Release|Any CPU
		{53287DC6-72B7-4798-9637-86D0C1B0B313}.Release|x86.ActiveCfg = Release|Any CPU
		{53287DC6-72B7-4798-9637-86D0C1B0B313}.Release|x86.Build.0 = Release|Any CPU
		{100D812E-B84F-40F4-8CC9-A9E4CD71349E}.Debug|Any CPU.ActiveCfg = Debug|Any CPU
		{100D812E-B84F-40F4-8CC9-A9E4CD71349E}.Debug|Any CPU.Build.0 = Debug|Any CPU
		{100D812E-B84F-40F4-8CC9-A9E4CD71349E}.Debug|x64.ActiveCfg = Debug|Any CPU
		{100D812E-B84F-40F4-8CC9-A9E4CD71349E}.Debug|x64.Build.0 = Debug|Any CPU
		{100D812E-B84F-40F4-8CC9-A9E4CD71349E}.Debug|x86.ActiveCfg = Debug|Any CPU
		{100D812E-B84F-40F4-8CC9-A9E4CD71349E}.Debug|x86.Build.0 = Debug|Any CPU
		{100D812E-B84F-40F4-8CC9-A9E4CD71349E}.Release|Any CPU.ActiveCfg = Release|Any CPU
		{100D812E-B84F-40F4-8CC9-A9E4CD71349E}.Release|Any CPU.Build.0 = Release|Any CPU
		{100D812E-B84F-40F4-8CC9-A9E4CD71349E}.Release|x64.ActiveCfg = Release|Any CPU
		{100D812E-B84F-40F4-8CC9-A9E4CD71349E}.Release|x64.Build.0 = Release|Any CPU
		{100D812E-B84F-40F4-8CC9-A9E4CD71349E}.Release|x86.ActiveCfg = Release|Any CPU
		{100D812E-B84F-40F4-8CC9-A9E4CD71349E}.Release|x86.Build.0 = Release|Any CPU
	EndGlobalSection
	GlobalSection(SolutionProperties) = preSolution
		HideSolutionNode = FALSE
	EndGlobalSection
EndGlobal
